
Microsoft Visual Studio Solution File, Format Version 12.00
# Visual Studio Version 17
VisualStudioVersion = 17.0.31903.59
MinimumVisualStudioVersion = 10.0.40219.1
Project("{2150E333-8FDC-42A3-9474-1A3956D46DE8}") = "src", "src", "{7A0A471B-3447-4C67-9880-0CCF295C10F9}"
EndProject
Project("{FAE04EC0-301F-11D3-BF4B-00C04F79EFBC}") = "HelloExq", "src\HelloExq\HelloExq.csproj", "{7ECA701B-0B1D-42B5-8F23-0EB4D8BC49BF}"
EndProject
Project("{2150E333-8FDC-42A3-9474-1A3956D46DE8}") = "tests", "tests", "{BC49F957-9D80-480A-9987-21138B9CE124}"
EndProject
Project("{FAE04EC0-301F-11D3-BF4B-00C04F79EFBC}") = "HelloExq.Tests", "tests\HelloExq.Tests\HelloExq.Tests.csproj", "{1CA114EC-8B64-4142-9581-241056AF5516}"
EndProject
Global
	GlobalSection(SolutionConfigurationPlatforms) = preSolution
		Debug|Any CPU = Debug|Any CPU
		Release|Any CPU = Release|Any CPU
	EndGlobalSection
	GlobalSection(SolutionProperties) = preSolution
		HideSolutionNode = FALSE
	EndGlobalSection
	GlobalSection(ProjectConfigurationPlatforms) = postSolution
		{7ECA701B-0B1D-42B5-8F23-0EB4D8BC49BF}.Debug|Any CPU.ActiveCfg = Debug|Any CPU
		{7ECA701B-0B1D-42B5-8F23-0EB4D8BC49BF}.Debug|Any CPU.Build.0 = Debug|Any CPU
		{7ECA701B-0B1D-42B5-8F23-0EB4D8BC49BF}.Release|Any CPU.ActiveCfg = Release|Any CPU
		{7ECA701B-0B1D-42B5-8F23-0EB4D8BC49BF}.Release|Any CPU.Build.0 = Release|Any CPU
		{1CA114EC-8B64-4142-9581-241056AF5516}.Debug|Any CPU.ActiveCfg = Debug|Any CPU
		{1CA114EC-8B64-4142-9581-241056AF5516}.Debug|Any CPU.Build.0 = Debug|Any CPU
		{1CA114EC-8B64-4142-9581-241056AF5516}.Release|Any CPU.ActiveCfg = Release|Any CPU
		{1CA114EC-8B64-4142-9581-241056AF5516}.Release|Any CPU.Build.0 = Release|Any CPU
	EndGlobalSection
	GlobalSection(NestedProjects) = preSolution
		{7ECA701B-0B1D-42B5-8F23-0EB4D8BC49BF} = {7A0A471B-3447-4C67-9880-0CCF295C10F9}
		{1CA114EC-8B64-4142-9581-241056AF5516} = {BC49F957-9D80-480A-9987-21138B9CE124}
	EndGlobalSection
EndGlobal
